{
  "name": "module7la2pathmodule",
  "version": "1.0.0",
  "lockfileVersion": 1,
  "requires": true,
  "dependencies": {
    "underscore": {
      "version": "1.0.3",
      "resolved": "https://registry.npmjs.org/underscore/-/underscore-1.0.3.tgz",
      "integrity": "sha1-d5Om93bf+kkdIk6vHYGYJNTcKIo="
    }
  }
}
